// !$*UTF8*$!
{
	archiveVersion = 1;
	classes = {
	};
	objectVersion = 46;
	objects = {

/* Begin PBXBuildFile section */
		9EAF7AE51951F2AE00FACD8E /* icon_image.png in Resources */ = {isa = PBXBuildFile; fileRef = 9EAF7AE11951F2AE00FACD8E /* icon_image.png */; };
		9EAF7AE61951F2AE00FACD8E /* icon_image@2x.png in Resources */ = {isa = PBXBuildFile; fileRef = 9EAF7AE21951F2AE00FACD8E /* icon_image@2x.png */; };
		9EAF7AE71951F2AE00FACD8E /* icon_video.png in Resources */ = {isa = PBXBuildFile; fileRef = 9EAF7AE31951F2AE00FACD8E /* icon_video.png */; };
		9EAF7AE81951F2AE00FACD8E /* icon_video@2x.png in Resources */ = {isa = PBXBuildFile; fileRef = 9EAF7AE41951F2AE00FACD8E /* icon_video@2x.png */; };
		9EAF7AEB1951F49400FACD8E /* ImageViewController.m in Sources */ = {isa = PBXBuildFile; fileRef = 9EAF7AEA1951F49400FACD8E /* ImageViewController.m */; };
		9EAF7AED1961BCE900FACD8E /* MediaPlayer.framework in Frameworks */ = {isa = PBXBuildFile; fileRef = 9EAF7AEC1961BCE900FACD8E /* MediaPlayer.framework */; };
		EA5ECD74194384C100410F13 /* Foundation.framework in Frameworks */ = {isa = PBXBuildFile; fileRef = EA5ECD73194384C100410F13 /* Foundation.framework */; };
		EA5ECD76194384C100410F13 /* CoreGraphics.framework in Frameworks */ = {isa = PBXBuildFile; fileRef = EA5ECD75194384C100410F13 /* CoreGraphics.framework */; };
		EA5ECD78194384C100410F13 /* UIKit.framework in Frameworks */ = {isa = PBXBuildFile; fileRef = EA5ECD77194384C100410F13 /* UIKit.framework */; };
		EA5ECD7E194384C100410F13 /* InfoPlist.strings in Resources */ = {isa = PBXBuildFile; fileRef = EA5ECD7C194384C100410F13 /* InfoPlist.strings */; };
		EA5ECD80194384C100410F13 /* main.m in Sources */ = {isa = PBXBuildFile; fileRef = EA5ECD7F194384C100410F13 /* main.m */; };
		EA5ECD84194384C100410F13 /* AQAppDelegate.m in Sources */ = {isa = PBXBuildFile; fileRef = EA5ECD83194384C100410F13 /* AQAppDelegate.m */; };
		EA5ECD86194384C100410F13 /* Images.xcassets in Resources */ = {isa = PBXBuildFile; fileRef = EA5ECD85194384C100410F13 /* Images.xcassets */; };
		EA5ECD8D194384C100410F13 /* XCTest.framework in Frameworks */ = {isa = PBXBuildFile; fileRef = EA5ECD8C194384C100410F13 /* XCTest.framework */; };
		EA5ECD8E194384C100410F13 /* Foundation.framework in Frameworks */ = {isa = PBXBuildFile; fileRef = EA5ECD73194384C100410F13 /* Foundation.framework */; };
		EA5ECD8F194384C100410F13 /* UIKit.framework in Frameworks */ = {isa = PBXBuildFile; fileRef = EA5ECD77194384C100410F13 /* UIKit.framework */; };
		EA5ECD97194384C100410F13 /* InfoPlist.strings in Resources */ = {isa = PBXBuildFile; fileRef = EA5ECD95194384C100410F13 /* InfoPlist.strings */; };
		EA5ECD99194384C100410F13 /* RibbitTests.m in Sources */ = {isa = PBXBuildFile; fileRef = EA5ECD98194384C100410F13 /* RibbitTests.m */; };
		EAB01348194385E400D66308 /* MainStoryboard.storyboard in Resources */ = {isa = PBXBuildFile; fileRef = EAB01347194385E400D66308 /* MainStoryboard.storyboard */; };
		EAB0134F194389E000D66308 /* camera.png in Resources */ = {isa = PBXBuildFile; fileRef = EAB01349194389E000D66308 /* camera.png */; };
		EAB01350194389E000D66308 /* camera@2x.png in Resources */ = {isa = PBXBuildFile; fileRef = EAB0134A194389E000D66308 /* camera@2x.png */; };
		EAB01351194389E000D66308 /* friends.png in Resources */ = {isa = PBXBuildFile; fileRef = EAB0134B194389E000D66308 /* friends.png */; };
		EAB01352194389E000D66308 /* friends@2x.png in Resources */ = {isa = PBXBuildFile; fileRef = EAB0134C194389E000D66308 /* friends@2x.png */; };
		EAB01353194389E000D66308 /* inbox.png in Resources */ = {isa = PBXBuildFile; fileRef = EAB0134D194389E000D66308 /* inbox.png */; };
		EAB01354194389E000D66308 /* inbox@2x.png in Resources */ = {isa = PBXBuildFile; fileRef = EAB0134E194389E000D66308 /* inbox@2x.png */; };
		EAB013591943916900D66308 /* InboxViewController.m in Sources */ = {isa = PBXBuildFile; fileRef = EAB013581943916900D66308 /* InboxViewController.m */; };
		EAB0135B194516D800D66308 /* Parse.framework in Frameworks */ = {isa = PBXBuildFile; fileRef = EAB0135A194516D800D66308 /* Parse.framework */; };
		EAB0135D1945174E00D66308 /* AudioToolbox.framework in Frameworks */ = {isa = PBXBuildFile; fileRef = EAB0135C1945174E00D66308 /* AudioToolbox.framework */; };
		EAB0135F1945175300D66308 /* CFNetwork.framework in Frameworks */ = {isa = PBXBuildFile; fileRef = EAB0135E1945175300D66308 /* CFNetwork.framework */; };
		EAB013611945177600D66308 /* CoreLocation.framework in Frameworks */ = {isa = PBXBuildFile; fileRef = EAB013601945177600D66308 /* CoreLocation.framework */; };
		EAB013631945179100D66308 /* libz.dylib in Frameworks */ = {isa = PBXBuildFile; fileRef = EAB013621945179100D66308 /* libz.dylib */; };
		EAB013651945179D00D66308 /* MobileCoreServices.framework in Frameworks */ = {isa = PBXBuildFile; fileRef = EAB013641945179D00D66308 /* MobileCoreServices.framework */; };
		EAB01367194517AA00D66308 /* QuartzCore.framework in Frameworks */ = {isa = PBXBuildFile; fileRef = EAB01366194517AA00D66308 /* QuartzCore.framework */; };
		EAB01369194517AF00D66308 /* Security.framework in Frameworks */ = {isa = PBXBuildFile; fileRef = EAB01368194517AF00D66308 /* Security.framework */; };
		EAB0136B194517BC00D66308 /* StoreKit.framework in Frameworks */ = {isa = PBXBuildFile; fileRef = EAB0136A194517BC00D66308 /* StoreKit.framework */; };
		EAB0136D194517C200D66308 /* SystemConfiguration.framework in Frameworks */ = {isa = PBXBuildFile; fileRef = EAB0136C194517C200D66308 /* SystemConfiguration.framework */; };
		EAB0137019451F0B00D66308 /* LoginViewController.m in Sources */ = {isa = PBXBuildFile; fileRef = EAB0136F19451F0B00D66308 /* LoginViewController.m */; };
		EAB0137319451F2100D66308 /* SignupViewController.m in Sources */ = {isa = PBXBuildFile; fileRef = EAB0137219451F2100D66308 /* SignupViewController.m */; };
		EAB0137619462D4F00D66308 /* EditFriendsViewController.m in Sources */ = {isa = PBXBuildFile; fileRef = EAB0137519462D4F00D66308 /* EditFriendsViewController.m */; };
		EAB0137919476C2A00D66308 /* FriendsViewController.m in Sources */ = {isa = PBXBuildFile; fileRef = EAB0137819476C2A00D66308 /* FriendsViewController.m */; };
		EAB0137C1947970F00D66308 /* CameraViewController.m in Sources */ = {isa = PBXBuildFile; fileRef = EAB0137B1947970F00D66308 /* CameraViewController.m */; };
/* End PBXBuildFile section */

/* Begin PBXContainerItemProxy section */
		EA5ECD90194384C100410F13 /* PBXContainerItemProxy */ = {
			isa = PBXContainerItemProxy;
			containerPortal = EA5ECD68194384C000410F13 /* Project object */;
			proxyType = 1;
			remoteGlobalIDString = EA5ECD6F194384C000410F13;
			remoteInfo = Ribbit;
		};
/* End PBXContainerItemProxy section */

/* Begin PBXFileReference section */
		9EAF7AE11951F2AE00FACD8E /* icon_image.png */ = {isa = PBXFileReference; lastKnownFileType = image.png; path = icon_image.png; sourceTree = "<group>"; };
		9EAF7AE21951F2AE00FACD8E /* icon_image@2x.png */ = {isa = PBXFileReference; lastKnownFileType = image.png; path = "icon_image@2x.png"; sourceTree = "<group>"; };
		9EAF7AE31951F2AE00FACD8E /* icon_video.png */ = {isa = PBXFileReference; lastKnownFileType = image.png; path = icon_video.png; sourceTree = "<group>"; };
		9EAF7AE41951F2AE00FACD8E /* icon_video@2x.png */ = {isa = PBXFileReference; lastKnownFileType = image.png; path = "icon_video@2x.png"; sourceTree = "<group>"; };
		9EAF7AE91951F49400FACD8E /* ImageViewController.h */ = {isa = PBXFileReference; fileEncoding = 4; lastKnownFileType = sourcecode.c.h; name = ImageViewController.h; path = ../ImageViewController.h; sourceTree = "<group>"; };
		9EAF7AEA1951F49400FACD8E /* ImageViewController.m */ = {isa = PBXFileReference; fileEncoding = 4; lastKnownFileType = sourcecode.c.objc; name = ImageViewController.m; path = ../ImageViewController.m; sourceTree = "<group>"; };
		9EAF7AEC1961BCE900FACD8E /* MediaPlayer.framework */ = {isa = PBXFileReference; lastKnownFileType = wrapper.framework; name = MediaPlayer.framework; path = System/Library/Frameworks/MediaPlayer.framework; sourceTree = SDKROOT; };
		EA5ECD70194384C100410F13 /* Ribbit.app */ = {isa = PBXFileReference; explicitFileType = wrapper.application; includeInIndex = 0; path = Ribbit.app; sourceTree = BUILT_PRODUCTS_DIR; };
		EA5ECD73194384C100410F13 /* Foundation.framework */ = {isa = PBXFileReference; lastKnownFileType = wrapper.framework; name = Foundation.framework; path = System/Library/Frameworks/Foundation.framework; sourceTree = SDKROOT; };
		EA5ECD75194384C100410F13 /* CoreGraphics.framework */ = {isa = PBXFileReference; lastKnownFileType = wrapper.framework; name = CoreGraphics.framework; path = System/Library/Frameworks/CoreGraphics.framework; sourceTree = SDKROOT; };
		EA5ECD77194384C100410F13 /* UIKit.framework */ = {isa = PBXFileReference; lastKnownFileType = wrapper.framework; name = UIKit.framework; path = System/Library/Frameworks/UIKit.framework; sourceTree = SDKROOT; };
		EA5ECD7B194384C100410F13 /* Ribbit-Info.plist */ = {isa = PBXFileReference; lastKnownFileType = text.plist.xml; path = "Ribbit-Info.plist"; sourceTree = "<group>"; };
		EA5ECD7D194384C100410F13 /* en */ = {isa = PBXFileReference; lastKnownFileType = text.plist.strings; name = en; path = en.lproj/InfoPlist.strings; sourceTree = "<group>"; };
		EA5ECD7F194384C100410F13 /* main.m */ = {isa = PBXFileReference; lastKnownFileType = sourcecode.c.objc; path = main.m; sourceTree = "<group>"; };
		EA5ECD81194384C100410F13 /* Ribbit-Prefix.pch */ = {isa = PBXFileReference; lastKnownFileType = sourcecode.c.h; path = "Ribbit-Prefix.pch"; sourceTree = "<group>"; };
		EA5ECD82194384C100410F13 /* AQAppDelegate.h */ = {isa = PBXFileReference; lastKnownFileType = sourcecode.c.h; path = AQAppDelegate.h; sourceTree = "<group>"; };
		EA5ECD83194384C100410F13 /* AQAppDelegate.m */ = {isa = PBXFileReference; lastKnownFileType = sourcecode.c.objc; path = AQAppDelegate.m; sourceTree = "<group>"; };
		EA5ECD85194384C100410F13 /* Images.xcassets */ = {isa = PBXFileReference; lastKnownFileType = folder.assetcatalog; path = Images.xcassets; sourceTree = "<group>"; };
		EA5ECD8B194384C100410F13 /* RibbitTests.xctest */ = {isa = PBXFileReference; explicitFileType = wrapper.cfbundle; includeInIndex = 0; path = RibbitTests.xctest; sourceTree = BUILT_PRODUCTS_DIR; };
		EA5ECD8C194384C100410F13 /* XCTest.framework */ = {isa = PBXFileReference; lastKnownFileType = wrapper.framework; name = XCTest.framework; path = Library/Frameworks/XCTest.framework; sourceTree = DEVELOPER_DIR; };
		EA5ECD94194384C100410F13 /* RibbitTests-Info.plist */ = {isa = PBXFileReference; lastKnownFileType = text.plist.xml; path = "RibbitTests-Info.plist"; sourceTree = "<group>"; };
		EA5ECD96194384C100410F13 /* en */ = {isa = PBXFileReference; lastKnownFileType = text.plist.strings; name = en; path = en.lproj/InfoPlist.strings; sourceTree = "<group>"; };
		EA5ECD98194384C100410F13 /* RibbitTests.m */ = {isa = PBXFileReference; lastKnownFileType = sourcecode.c.objc; path = RibbitTests.m; sourceTree = "<group>"; };
		EAB01347194385E400D66308 /* MainStoryboard.storyboard */ = {isa = PBXFileReference; fileEncoding = 4; lastKnownFileType = file.storyboard; path = MainStoryboard.storyboard; sourceTree = "<group>"; };
		EAB01349194389E000D66308 /* camera.png */ = {isa = PBXFileReference; lastKnownFileType = image.png; path = camera.png; sourceTree = "<group>"; };
		EAB0134A194389E000D66308 /* camera@2x.png */ = {isa = PBXFileReference; lastKnownFileType = image.png; path = "camera@2x.png"; sourceTree = "<group>"; };
		EAB0134B194389E000D66308 /* friends.png */ = {isa = PBXFileReference; lastKnownFileType = image.png; path = friends.png; sourceTree = "<group>"; };
		EAB0134C194389E000D66308 /* friends@2x.png */ = {isa = PBXFileReference; lastKnownFileType = image.png; path = "friends@2x.png"; sourceTree = "<group>"; };
		EAB0134D194389E000D66308 /* inbox.png */ = {isa = PBXFileReference; lastKnownFileType = image.png; path = inbox.png; sourceTree = "<group>"; };
		EAB0134E194389E000D66308 /* inbox@2x.png */ = {isa = PBXFileReference; lastKnownFileType = image.png; path = "inbox@2x.png"; sourceTree = "<group>"; };
		EAB013571943916900D66308 /* InboxViewController.h */ = {isa = PBXFileReference; fileEncoding = 4; lastKnownFileType = sourcecode.c.h; name = InboxViewController.h; path = ../InboxViewController.h; sourceTree = "<group>"; };
		EAB013581943916900D66308 /* InboxViewController.m */ = {isa = PBXFileReference; fileEncoding = 4; lastKnownFileType = sourcecode.c.objc; name = InboxViewController.m; path = ../InboxViewController.m; sourceTree = "<group>"; };
		EAB0135A194516D800D66308 /* Parse.framework */ = {isa = PBXFileReference; lastKnownFileType = wrapper.framework; path = Parse.framework; sourceTree = "<group>"; };
		EAB0135C1945174E00D66308 /* AudioToolbox.framework */ = {isa = PBXFileReference; lastKnownFileType = wrapper.framework; name = AudioToolbox.framework; path = System/Library/Frameworks/AudioToolbox.framework; sourceTree = SDKROOT; };
		EAB0135E1945175300D66308 /* CFNetwork.framework */ = {isa = PBXFileReference; lastKnownFileType = wrapper.framework; name = CFNetwork.framework; path = System/Library/Frameworks/CFNetwork.framework; sourceTree = SDKROOT; };
		EAB013601945177600D66308 /* CoreLocation.framework */ = {isa = PBXFileReference; lastKnownFileType = wrapper.framework; name = CoreLocation.framework; path = System/Library/Frameworks/CoreLocation.framework; sourceTree = SDKROOT; };
		EAB013621945179100D66308 /* libz.dylib */ = {isa = PBXFileReference; lastKnownFileType = "compiled.mach-o.dylib"; name = libz.dylib; path = usr/lib/libz.dylib; sourceTree = SDKROOT; };
		EAB013641945179D00D66308 /* MobileCoreServices.framework */ = {isa = PBXFileReference; lastKnownFileType = wrapper.framework; name = MobileCoreServices.framework; path = System/Library/Frameworks/MobileCoreServices.framework; sourceTree = SDKROOT; };
		EAB01366194517AA00D66308 /* QuartzCore.framework */ = {isa = PBXFileReference; lastKnownFileType = wrapper.framework; name = QuartzCore.framework; path = System/Library/Frameworks/QuartzCore.framework; sourceTree = SDKROOT; };
		EAB01368194517AF00D66308 /* Security.framework */ = {isa = PBXFileReference; lastKnownFileType = wrapper.framework; name = Security.framework; path = System/Library/Frameworks/Security.framework; sourceTree = SDKROOT; };
		EAB0136A194517BC00D66308 /* StoreKit.framework */ = {isa = PBXFileReference; lastKnownFileType = wrapper.framework; name = StoreKit.framework; path = System/Library/Frameworks/StoreKit.framework; sourceTree = SDKROOT; };
		EAB0136C194517C200D66308 /* SystemConfiguration.framework */ = {isa = PBXFileReference; lastKnownFileType = wrapper.framework; name = SystemConfiguration.framework; path = System/Library/Frameworks/SystemConfiguration.framework; sourceTree = SDKROOT; };
		EAB0136E19451F0B00D66308 /* LoginViewController.h */ = {isa = PBXFileReference; fileEncoding = 4; lastKnownFileType = sourcecode.c.h; name = LoginViewController.h; path = ../LoginViewController.h; sourceTree = "<group>"; };
		EAB0136F19451F0B00D66308 /* LoginViewController.m */ = {isa = PBXFileReference; fileEncoding = 4; lastKnownFileType = sourcecode.c.objc; name = LoginViewController.m; path = ../LoginViewController.m; sourceTree = "<group>"; };
		EAB0137119451F2100D66308 /* SignupViewController.h */ = {isa = PBXFileReference; fileEncoding = 4; lastKnownFileType = sourcecode.c.h; name = SignupViewController.h; path = ../SignupViewController.h; sourceTree = "<group>"; };
		EAB0137219451F2100D66308 /* SignupViewController.m */ = {isa = PBXFileReference; fileEncoding = 4; lastKnownFileType = sourcecode.c.objc; name = SignupViewController.m; path = ../SignupViewController.m; sourceTree = "<group>"; };
		EAB0137419462D4F00D66308 /* EditFriendsViewController.h */ = {isa = PBXFileReference; fileEncoding = 4; lastKnownFileType = sourcecode.c.h; name = EditFriendsViewController.h; path = ../EditFriendsViewController.h; sourceTree = "<group>"; };
		EAB0137519462D4F00D66308 /* EditFriendsViewController.m */ = {isa = PBXFileReference; fileEncoding = 4; lastKnownFileType = sourcecode.c.objc; name = EditFriendsViewController.m; path = ../EditFriendsViewController.m; sourceTree = "<group>"; };
		EAB0137719476C2A00D66308 /* FriendsViewController.h */ = {isa = PBXFileReference; fileEncoding = 4; lastKnownFileType = sourcecode.c.h; path = FriendsViewController.h; sourceTree = "<group>"; };
		EAB0137819476C2A00D66308 /* FriendsViewController.m */ = {isa = PBXFileReference; fileEncoding = 4; lastKnownFileType = sourcecode.c.objc; path = FriendsViewController.m; sourceTree = "<group>"; };
		EAB0137A1947970F00D66308 /* CameraViewController.h */ = {isa = PBXFileReference; fileEncoding = 4; lastKnownFileType = sourcecode.c.h; name = CameraViewController.h; path = ../CameraViewController.h; sourceTree = "<group>"; };
		EAB0137B1947970F00D66308 /* CameraViewController.m */ = {isa = PBXFileReference; fileEncoding = 4; lastKnownFileType = sourcecode.c.objc; name = CameraViewController.m; path = ../CameraViewController.m; sourceTree = "<group>"; };
/* End PBXFileReference section */

/* Begin PBXFrameworksBuildPhase section */
		EA5ECD6D194384C000410F13 /* Frameworks */ = {
			isa = PBXFrameworksBuildPhase;
			buildActionMask = 2147483647;
			files = (
				9EAF7AED1961BCE900FACD8E /* MediaPlayer.framework in Frameworks */,
				EAB0136D194517C200D66308 /* SystemConfiguration.framework in Frameworks */,
				EAB0136B194517BC00D66308 /* StoreKit.framework in Frameworks */,
				EAB01369194517AF00D66308 /* Security.framework in Frameworks */,
				EAB01367194517AA00D66308 /* QuartzCore.framework in Frameworks */,
				EAB013651945179D00D66308 /* MobileCoreServices.framework in Frameworks */,
				EAB013631945179100D66308 /* libz.dylib in Frameworks */,
				EAB013611945177600D66308 /* CoreLocation.framework in Frameworks */,
				EA5ECD76194384C100410F13 /* CoreGraphics.framework in Frameworks */,
				EAB0135F1945175300D66308 /* CFNetwork.framework in Frameworks */,
				EAB0135D1945174E00D66308 /* AudioToolbox.framework in Frameworks */,
				EA5ECD78194384C100410F13 /* UIKit.framework in Frameworks */,
				EAB0135B194516D800D66308 /* Parse.framework in Frameworks */,
				EA5ECD74194384C100410F13 /* Foundation.framework in Frameworks */,
			);
			runOnlyForDeploymentPostprocessing = 0;
		};
		EA5ECD88194384C100410F13 /* Frameworks */ = {
			isa = PBXFrameworksBuildPhase;
			buildActionMask = 2147483647;
			files = (
				EA5ECD8D194384C100410F13 /* XCTest.framework in Frameworks */,
				EA5ECD8F194384C100410F13 /* UIKit.framework in Frameworks */,
				EA5ECD8E194384C100410F13 /* Foundation.framework in Frameworks */,
			);
			runOnlyForDeploymentPostprocessing = 0;
		};
/* End PBXFrameworksBuildPhase section */

/* Begin PBXGroup section */
		9EAF7AE01951F2AE00FACD8E /* inbox_icons */ = {
			isa = PBXGroup;
			children = (
				9EAF7AE11951F2AE00FACD8E /* icon_image.png */,
				9EAF7AE21951F2AE00FACD8E /* icon_image@2x.png */,
				9EAF7AE31951F2AE00FACD8E /* icon_video.png */,
				9EAF7AE41951F2AE00FACD8E /* icon_video@2x.png */,
			);
			path = inbox_icons;
			sourceTree = "<group>";
		};
		EA5ECD67194384C000410F13 = {
			isa = PBXGroup;
			children = (
				EAB01355194389EB00D66308 /* Images */,
				EAB01347194385E400D66308 /* MainStoryboard.storyboard */,
				EA5ECD79194384C100410F13 /* Ribbit */,
				EA5ECD92194384C100410F13 /* RibbitTests */,
				EA5ECD72194384C100410F13 /* Frameworks */,
				EA5ECD71194384C100410F13 /* Products */,
			);
			sourceTree = "<group>";
		};
		EA5ECD71194384C100410F13 /* Products */ = {
			isa = PBXGroup;
			children = (
				EA5ECD70194384C100410F13 /* Ribbit.app */,
				EA5ECD8B194384C100410F13 /* RibbitTests.xctest */,
			);
			name = Products;
			sourceTree = "<group>";
		};
		EA5ECD72194384C100410F13 /* Frameworks */ = {
			isa = PBXGroup;
			children = (
				9EAF7AEC1961BCE900FACD8E /* MediaPlayer.framework */,
				EAB0136C194517C200D66308 /* SystemConfiguration.framework */,
				EAB0136A194517BC00D66308 /* StoreKit.framework */,
				EAB01368194517AF00D66308 /* Security.framework */,
				EAB01366194517AA00D66308 /* QuartzCore.framework */,
				EAB013641945179D00D66308 /* MobileCoreServices.framework */,
				EAB013621945179100D66308 /* libz.dylib */,
				EAB013601945177600D66308 /* CoreLocation.framework */,
				EAB0135E1945175300D66308 /* CFNetwork.framework */,
				EAB0135C1945174E00D66308 /* AudioToolbox.framework */,
				EAB0135A194516D800D66308 /* Parse.framework */,
				EA5ECD73194384C100410F13 /* Foundation.framework */,
				EA5ECD75194384C100410F13 /* CoreGraphics.framework */,
				EA5ECD77194384C100410F13 /* UIKit.framework */,
				EA5ECD8C194384C100410F13 /* XCTest.framework */,
			);
			name = Frameworks;
			sourceTree = "<group>";
		};
		EA5ECD79194384C100410F13 /* Ribbit */ = {
			isa = PBXGroup;
			children = (
				9EAF7AE91951F49400FACD8E /* ImageViewController.h */,
				9EAF7AEA1951F49400FACD8E /* ImageViewController.m */,
				EAB0137A1947970F00D66308 /* CameraViewController.h */,
				EAB0137B1947970F00D66308 /* CameraViewController.m */,
				EAB0137419462D4F00D66308 /* EditFriendsViewController.h */,
				EAB0137519462D4F00D66308 /* EditFriendsViewController.m */,
				EAB0137719476C2A00D66308 /* FriendsViewController.h */,
				EAB0137819476C2A00D66308 /* FriendsViewController.m */,
				EAB0136E19451F0B00D66308 /* LoginViewController.h */,
				EAB0136F19451F0B00D66308 /* LoginViewController.m */,
				EAB0137119451F2100D66308 /* SignupViewController.h */,
				EAB0137219451F2100D66308 /* SignupViewController.m */,
				EAB013571943916900D66308 /* InboxViewController.h */,
				EAB013581943916900D66308 /* InboxViewController.m */,
				EA5ECD82194384C100410F13 /* AQAppDelegate.h */,
				EA5ECD83194384C100410F13 /* AQAppDelegate.m */,
				EA5ECD85194384C100410F13 /* Images.xcassets */,
				EA5ECD7A194384C100410F13 /* Supporting Files */,
			);
			path = Ribbit;
			sourceTree = "<group>";
		};
		EA5ECD7A194384C100410F13 /* Supporting Files */ = {
			isa = PBXGroup;
			children = (
				EA5ECD7B194384C100410F13 /* Ribbit-Info.plist */,
				EA5ECD7C194384C100410F13 /* InfoPlist.strings */,
				EA5ECD7F194384C100410F13 /* main.m */,
				EA5ECD81194384C100410F13 /* Ribbit-Prefix.pch */,
			);
			name = "Supporting Files";
			sourceTree = "<group>";
		};
		EA5ECD92194384C100410F13 /* RibbitTests */ = {
			isa = PBXGroup;
			children = (
				EA5ECD98194384C100410F13 /* RibbitTests.m */,
				EA5ECD93194384C100410F13 /* Supporting Files */,
			);
			path = RibbitTests;
			sourceTree = "<group>";
		};
		EA5ECD93194384C100410F13 /* Supporting Files */ = {
			isa = PBXGroup;
			children = (
				EA5ECD94194384C100410F13 /* RibbitTests-Info.plist */,
				EA5ECD95194384C100410F13 /* InfoPlist.strings */,
			);
			name = "Supporting Files";
			sourceTree = "<group>";
		};
		EAB01355194389EB00D66308 /* Images */ = {
			isa = PBXGroup;
			children = (
				9EAF7AE01951F2AE00FACD8E /* inbox_icons */,
				EAB01349194389E000D66308 /* camera.png */,
				EAB0134A194389E000D66308 /* camera@2x.png */,
				EAB0134B194389E000D66308 /* friends.png */,
				EAB0134C194389E000D66308 /* friends@2x.png */,
				EAB0134D194389E000D66308 /* inbox.png */,
				EAB0134E194389E000D66308 /* inbox@2x.png */,
			);
			name = Images;
			sourceTree = "<group>";
		};
/* End PBXGroup section */

/* Begin PBXNativeTarget section */
		EA5ECD6F194384C000410F13 /* Ribbit */ = {
			isa = PBXNativeTarget;
			buildConfigurationList = EA5ECD9C194384C100410F13 /* Build configuration list for PBXNativeTarget "Ribbit" */;
			buildPhases = (
				EA5ECD6C194384C000410F13 /* Sources */,
				EA5ECD6D194384C000410F13 /* Frameworks */,
				EA5ECD6E194384C000410F13 /* Resources */,
			);
			buildRules = (
			);
			dependencies = (
			);
			name = Ribbit;
			productName = Ribbit;
			productReference = EA5ECD70194384C100410F13 /* Ribbit.app */;
			productType = "com.apple.product-type.application";
		};
		EA5ECD8A194384C100410F13 /* RibbitTests */ = {
			isa = PBXNativeTarget;
			buildConfigurationList = EA5ECD9F194384C100410F13 /* Build configuration list for PBXNativeTarget "RibbitTests" */;
			buildPhases = (
				EA5ECD87194384C100410F13 /* Sources */,
				EA5ECD88194384C100410F13 /* Frameworks */,
				EA5ECD89194384C100410F13 /* Resources */,
			);
			buildRules = (
			);
			dependencies = (
				EA5ECD91194384C100410F13 /* PBXTargetDependency */,
			);
			name = RibbitTests;
			productName = RibbitTests;
			productReference = EA5ECD8B194384C100410F13 /* RibbitTests.xctest */;
			productType = "com.apple.product-type.bundle.unit-test";
		};
/* End PBXNativeTarget section */

/* Begin PBXProject section */
		EA5ECD68194384C000410F13 /* Project object */ = {
			isa = PBXProject;
			attributes = {
				CLASSPREFIX = AQ;
				LastUpgradeCheck = 0510;
				ORGANIZATIONNAME = Adtq;
				TargetAttributes = {
					EA5ECD8A194384C100410F13 = {
						TestTargetID = EA5ECD6F194384C000410F13;
					};
				};
			};
			buildConfigurationList = EA5ECD6B194384C000410F13 /* Build configuration list for PBXProject "Ribbit" */;
			compatibilityVersion = "Xcode 3.2";
			developmentRegion = English;
			hasScannedForEncodings = 0;
			knownRegions = (
				en,
			);
			mainGroup = EA5ECD67194384C000410F13;
			productRefGroup = EA5ECD71194384C100410F13 /* Products */;
			projectDirPath = "";
			projectRoot = "";
			targets = (
				EA5ECD6F194384C000410F13 /* Ribbit */,
				EA5ECD8A194384C100410F13 /* RibbitTests */,
			);
		};
/* End PBXProject section */

/* Begin PBXResourcesBuildPhase section */
		EA5ECD6E194384C000410F13 /* Resources */ = {
			isa = PBXResourcesBuildPhase;
			buildActionMask = 2147483647;
			files = (
				9EAF7AE71951F2AE00FACD8E /* icon_video.png in Resources */,
				EAB01348194385E400D66308 /* MainStoryboard.storyboard in Resources */,
				EAB01351194389E000D66308 /* friends.png in Resources */,
				9EAF7AE51951F2AE00FACD8E /* icon_image.png in Resources */,
				EAB01352194389E000D66308 /* friends@2x.png in Resources */,
				EAB01350194389E000D66308 /* camera@2x.png in Resources */,
				EAB01353194389E000D66308 /* inbox.png in Resources */,
				EA5ECD7E194384C100410F13 /* InfoPlist.strings in Resources */,
				9EAF7AE61951F2AE00FACD8E /* icon_image@2x.png in Resources */,
				EAB0134F194389E000D66308 /* camera.png in Resources */,
				EA5ECD86194384C100410F13 /* Images.xcassets in Resources */,
				EAB01354194389E000D66308 /* inbox@2x.png in Resources */,
				9EAF7AE81951F2AE00FACD8E /* icon_video@2x.png in Resources */,
			);
			runOnlyForDeploymentPostprocessing = 0;
		};
		EA5ECD89194384C100410F13 /* Resources */ = {
			isa = PBXResourcesBuildPhase;
			buildActionMask = 2147483647;
			files = (
				EA5ECD97194384C100410F13 /* InfoPlist.strings in Resources */,
			);
			runOnlyForDeploymentPostprocessing = 0;
		};
/* End PBXResourcesBuildPhase section */

/* Begin PBXSourcesBuildPhase section */
		EA5ECD6C194384C000410F13 /* Sources */ = {
			isa = PBXSourcesBuildPhase;
			buildActionMask = 2147483647;
			files = (
				EAB0137019451F0B00D66308 /* LoginViewController.m in Sources */,
				EAB0137C1947970F00D66308 /* CameraViewController.m in Sources */,
				EA5ECD84194384C100410F13 /* AQAppDelegate.m in Sources */,
				EAB0137919476C2A00D66308 /* FriendsViewController.m in Sources */,
				EA5ECD80194384C100410F13 /* main.m in Sources */,
				EAB013591943916900D66308 /* InboxViewController.m in Sources */,
				9EAF7AEB1951F49400FACD8E /* ImageViewController.m in Sources */,
				EAB0137619462D4F00D66308 /* EditFriendsViewController.m in Sources */,
				EAB0137319451F2100D66308 /* SignupViewController.m in Sources */,
			);
			runOnlyForDeploymentPostprocessing = 0;
		};
		EA5ECD87194384C100410F13 /* Sources */ = {
			isa = PBXSourcesBuildPhase;
			buildActionMask = 2147483647;
			files = (
				EA5ECD99194384C100410F13 /* RibbitTests.m in Sources */,
			);
			runOnlyForDeploymentPostprocessing = 0;
		};
/* End PBXSourcesBuildPhase section */

/* Begin PBXTargetDependency section */
		EA5ECD91194384C100410F13 /* PBXTargetDependency */ = {
			isa = PBXTargetDependency;
			target = EA5ECD6F194384C000410F13 /* Ribbit */;
			targetProxy = EA5ECD90194384C100410F13 /* PBXContainerItemProxy */;
		};
/* End PBXTargetDependency section */

/* Begin PBXVariantGroup section */
		EA5ECD7C194384C100410F13 /* InfoPlist.strings */ = {
			isa = PBXVariantGroup;
			children = (
				EA5ECD7D194384C100410F13 /* en */,
			);
			name = InfoPlist.strings;
			sourceTree = "<group>";
		};
		EA5ECD95194384C100410F13 /* InfoPlist.strings */ = {
			isa = PBXVariantGroup;
			children = (
				EA5ECD96194384C100410F13 /* en */,
			);
			name = InfoPlist.strings;
			sourceTree = "<group>";
		};
/* End PBXVariantGroup section */

/* Begin XCBuildConfiguration section */
		EA5ECD9A194384C100410F13 /* Debug */ = {
			isa = XCBuildConfiguration;
			buildSettings = {
				ALWAYS_SEARCH_USER_PATHS = NO;
				CLANG_CXX_LANGUAGE_STANDARD = "gnu++0x";
				CLANG_CXX_LIBRARY = "libc++";
				CLANG_ENABLE_MODULES = YES;
				CLANG_ENABLE_OBJC_ARC = YES;
				CLANG_WARN_BOOL_CONVERSION = YES;
				CLANG_WARN_CONSTANT_CONVERSION = YES;
				CLANG_WARN_DIRECT_OBJC_ISA_USAGE = YES_ERROR;
				CLANG_WARN_EMPTY_BODY = YES;
				CLANG_WARN_ENUM_CONVERSION = YES;
				CLANG_WARN_INT_CONVERSION = YES;
				CLANG_WARN_OBJC_ROOT_CLASS = YES_ERROR;
				CLANG_WARN__DUPLICATE_METHOD_MATCH = YES;
				"CODE_SIGN_IDENTITY[sdk=iphoneos*]" = "iPhone Developer";
				COPY_PHASE_STRIP = NO;
				GCC_C_LANGUAGE_STANDARD = gnu99;
				GCC_DYNAMIC_NO_PIC = NO;
				GCC_OPTIMIZATION_LEVEL = 0;
				GCC_PREPROCESSOR_DEFINITIONS = (
					"DEBUG=1",
					"$(inherited)",
				);
				GCC_SYMBOLS_PRIVATE_EXTERN = NO;
				GCC_WARN_64_TO_32_BIT_CONVERSION = YES;
				GCC_WARN_ABOUT_RETURN_TYPE = YES_ERROR;
				GCC_WARN_UNDECLARED_SELECTOR = YES;
				GCC_WARN_UNINITIALIZED_AUTOS = YES_AGGRESSIVE;
				GCC_WARN_UNUSED_FUNCTION = YES;
				GCC_WARN_UNUSED_VARIABLE = YES;
				IPHONEOS_DEPLOYMENT_TARGET = 7.1;
				ONLY_ACTIVE_ARCH = YES;
				SDKROOT = iphoneos;
			};
			name = Debug;
		};
		EA5ECD9B194384C100410F13 /* Release */ = {
			isa = XCBuildConfiguration;
			buildSettings = {
				ALWAYS_SEARCH_USER_PATHS = NO;
				CLANG_CXX_LANGUAGE_STANDARD = "gnu++0x";
				CLANG_CXX_LIBRARY = "libc++";
				CLANG_ENABLE_MODULES = YES;
				CLANG_ENABLE_OBJC_ARC = YES;
				CLANG_WARN_BOOL_CONVERSION = YES;
				CLANG_WARN_CONSTANT_CONVERSION = YES;
				CLANG_WARN_DIRECT_OBJC_ISA_USAGE = YES_ERROR;
				CLANG_WARN_EMPTY_BODY = YES;
				CLANG_WARN_ENUM_CONVERSION = YES;
				CLANG_WARN_INT_CONVERSION = YES;
				CLANG_WARN_OBJC_ROOT_CLASS = YES_ERROR;
				CLANG_WARN__DUPLICATE_METHOD_MATCH = YES;
				"CODE_SIGN_IDENTITY[sdk=iphoneos*]" = "iPhone Developer";
				COPY_PHASE_STRIP = YES;
				ENABLE_NS_ASSERTIONS = NO;
				GCC_C_LANGUAGE_STANDARD = gnu99;
				GCC_WARN_64_TO_32_BIT_CONVERSION = YES;
				GCC_WARN_ABOUT_RETURN_TYPE = YES_ERROR;
				GCC_WARN_UNDECLARED_SELECTOR = YES;
				GCC_WARN_UNINITIALIZED_AUTOS = YES_AGGRESSIVE;
				GCC_WARN_UNUSED_FUNCTION = YES;
				GCC_WARN_UNUSED_VARIABLE = YES;
				IPHONEOS_DEPLOYMENT_TARGET = 7.1;
				SDKROOT = iphoneos;
				VALIDATE_PRODUCT = YES;
			};
			name = Release;
		};
		EA5ECD9D194384C100410F13 /* Debug */ = {
			isa = XCBuildConfiguration;
			buildSettings = {
				ASSETCATALOG_COMPILER_APPICON_NAME = AppIcon;
				ASSETCATALOG_COMPILER_LAUNCHIMAGE_NAME = LaunchImage;
				FRAMEWORK_SEARCH_PATHS = (
					"$(inherited)",
					"$(PROJECT_DIR)",
				);
				GCC_PRECOMPILE_PREFIX_HEADER = YES;
				GCC_PREFIX_HEADER = "Ribbit/Ribbit-Prefix.pch";
				INFOPLIST_FILE = "Ribbit/Ribbit-Info.plist";
				PRODUCT_NAME = "$(TARGET_NAME)";
				WRAPPER_EXTENSION = app;
			};
			name = Debug;
		};
		EA5ECD9E194384C100410F13 /* Release */ = {
			isa = XCBuildConfiguration;
			buildSettings = {
				ASSETCATALOG_COMPILER_APPICON_NAME = AppIcon;
				ASSETCATALOG_COMPILER_LAUNCHIMAGE_NAME = LaunchImage;
				FRAMEWORK_SEARCH_PATHS = (
					"$(inherited)",
					"$(PROJECT_DIR)",
				);
				GCC_PRECOMPILE_PREFIX_HEADER = YES;
				GCC_PREFIX_HEADER = "Ribbit/Ribbit-Prefix.pch";
				INFOPLIST_FILE = "Ribbit/Ribbit-Info.plist";
				PRODUCT_NAME = "$(TARGET_NAME)";
				WRAPPER_EXTENSION = app;
			};
			name = Release;
		};
		EA5ECDA0194384C100410F13 /* Debug */ = {
			isa = XCBuildConfiguration;
			buildSettings = {
				BUNDLE_LOADER = "$(BUILT_PRODUCTS_DIR)/Ribbit.app/Ribbit";
				FRAMEWORK_SEARCH_PATHS = (
					"$(SDKROOT)/Developer/Library/Frameworks",
					"$(inherited)",
					"$(DEVELOPER_FRAMEWORKS_DIR)",
				);
				GCC_PRECOMPILE_PREFIX_HEADER = YES;
				GCC_PREFIX_HEADER = "Ribbit/Ribbit-Prefix.pch";
				GCC_PREPROCESSOR_DEFINITIONS = (
					"DEBUG=1",
					"$(inherited)",
				);
				INFOPLIST_FILE = "RibbitTests/RibbitTests-Info.plist";
				PRODUCT_NAME = "$(TARGET_NAME)";
				TEST_HOST = "$(BUNDLE_LOADER)";
				WRAPPER_EXTENSION = xctest;
			};
			name = Debug;
		};
		EA5ECDA1194384C100410F13 /* Release */ = {
			isa = XCBuildConfiguration;
			buildSettings = {
				BUNDLE_LOADER = "$(BUILT_PRODUCTS_DIR)/Ribbit.app/Ribbit";
				FRAMEWORK_SEARCH_PATHS = (
					"$(SDKROOT)/Developer/Library/Frameworks",
					"$(inherited)",
					"$(DEVELOPER_FRAMEWORKS_DIR)",
				);
				GCC_PRECOMPILE_PREFIX_HEADER = YES;
				GCC_PREFIX_HEADER = "Ribbit/Ribbit-Prefix.pch";
				INFOPLIST_FILE = "RibbitTests/RibbitTests-Info.plist";
				PRODUCT_NAME = "$(TARGET_NAME)";
				TEST_HOST = "$(BUNDLE_LOADER)";
				WRAPPER_EXTENSION = xctest;
			};
			name = Release;
		};
/* End XCBuildConfiguration section */

/* Begin XCConfigurationList section */
		EA5ECD6B194384C000410F13 /* Build configuration list for PBXProject "Ribbit" */ = {
			isa = XCConfigurationList;
			buildConfigurations = (
				EA5ECD9A194384C100410F13 /* Debug */,
				EA5ECD9B194384C100410F13 /* Release */,
			);
			defaultConfigurationIsVisible = 0;
			defaultConfigurationName = Release;
		};
		EA5ECD9C194384C100410F13 /* Build configuration list for PBXNativeTarget "Ribbit" */ = {
			isa = XCConfigurationList;
			buildConfigurations = (
				EA5ECD9D194384C100410F13 /* Debug */,
				EA5ECD9E194384C100410F13 /* Release */,
			);
			defaultConfigurationIsVisible = 0;
			defaultConfigurationName = Release;
		};
		EA5ECD9F194384C100410F13 /* Build configuration list for PBXNativeTarget "RibbitTests" */ = {
			isa = XCConfigurationList;
			buildConfigurations = (
				EA5ECDA0194384C100410F13 /* Debug */,
				EA5ECDA1194384C100410F13 /* Release */,
			);
			defaultConfigurationIsVisible = 0;
			defaultConfigurationName = Release;
		};
/* End XCConfigurationList section */
	};
	rootObject = EA5ECD68194384C000410F13 /* Project object */;
}
